
Microsoft Visual Studio Solution File, Format Version 12.00
# Visual Studio Version 16
VisualStudioVersion = 16.0.31402.337
MinimumVisualStudioVersion = 10.0.40219.1
Project("{9A19103F-16F7-4668-BE54-9A1E7A4F7556}") = "SuperviseService", "SuperviseService.csproj", "{2A29A7F8-68D2-4DE3-B6A5-4A12D8EB1F69}"
EndProject
Global
	GlobalSection(SolutionConfigurationPlatforms) = preSolution
		Debug|Any CPU = Debug|Any CPU
		Release|Any CPU = Release|Any CPU
	EndGlobalSection
	GlobalSection(ProjectConfigurationPlatforms) = postSolution
		{2A29A7F8-68D2-4DE3-B6A5-4A12D8EB1F69}.Debug|Any CPU.ActiveCfg = Debug|Any CPU
		{2A29A7F8-68D2-4DE3-B6A5-4A12D8EB1F69}.Debug|Any CPU.Build.0 = Debug|Any CPU
		{2A29A7F8-68D2-4DE3-B6A5-4A12D8EB1F69}.Release|Any CPU.ActiveCfg = Release|Any CPU
		{2A29A7F8-68D2-4DE3-B6A5-4A12D8EB1F69}.Release|Any CPU.Build.0 = Release|Any CPU
	EndGlobalSection
	GlobalSection(SolutionProperties) = preSolution
		HideSolutionNode = FALSE
	EndGlobalSection
	GlobalSection(ExtensibilityGlobals) = postSolution
		SolutionGuid = {C6BAEE8B-46FC-44F3-8185-1202F38F8837}
	EndGlobalSection
EndGlobal
